version = 1
revision = 3
requires-python = ">=3.12"

[[package]]
name = "diffalign-result-viewer"
version = "0.1.0"
source = { editable = "." }
dependencies = [
    { name = "ijson" },
    { name = "numpy" },
    { name = "pyside6" },
]

[package.metadata]
requires-dist = [
    { name = "ijson", specifier = ">=3.5.0" },
    { name = "numpy", specifier = ">=2.4.4" },
    { name = "pyside6", specifier = ">=6.11.0" },
]

[[package]]
name = "ijson"
version = "3.5.0"
source = { registry = "https://pypi.org/simple" }
sdist = { url = "https://files.pythonhosted.org/packages/f4/57/60d1a6a512f2f0508d0bc8b4f1cc5616fd3196619b66bd6a01f9155a1292/ijson-3.5.0.tar.gz", hash = "sha256:94688760720e3f5212731b3cb8d30267f9a045fb38fb3870254e7b9504246f31", size = 68658, upload-time = "2026-02-24T03:58:30.974Z" }
wheels = [
    { url = "https://files.pythonhosted.org/packages/aa/17/9c63c7688025f3a8c47ea717b8306649c8c7244e49e20a2be4e3515dc75c/ijson-3.5.0-cp312-cp312-macosx_10_13_universal2.whl", hash = "sha256:1ebefbe149a6106cc848a3eaf536af51a9b5ccc9082de801389f152dba6ab755", size = 88536, upload-time = "2026-02-24T03:57:06.809Z" },
    { url = "https://files.pythonhosted.org/packages/6f/dd/e15c2400244c117b06585452ebc63ae254f5a6964f712306afd1422daae0/ijson-3.5.0-cp312-cp312-macosx_10_13_x86_64.whl", hash = "sha256:19e30d9f00f82e64de689c0b8651b9cfed879c184b139d7e1ea5030cec401c21", size = 60499, upload-time = "2026-02-24T03:57:09.155Z" },
    { url = "https://files.pythonhosted.org/packages/77/a9/bf4fe3538a0c965f16b406f180a06105b875da83f0743e36246be64ef550/ijson-3.5.0-cp312-cp312-macosx_11_0_arm64.whl", hash = "sha256:a04a33ee78a6f27b9b8528c1ca3c207b1df3b8b867a4cf2fcc4109986f35c227", size = 60330, upload-time = "2026-02-24T03:57:10.574Z" },
    { url = "https://files.pythonhosted.org/packages/31/76/6f91bdb019dd978fce1bc5ea1cd620cfc096d258126c91db2c03a20a7f34/ijson-3.5.0-cp312-cp312-manylinux1_i686.manylinux_2_28_i686.manylinux_2_5_i686.whl", hash = "sha256:7d48dc2984af02eb3c56edfb3f13b3f62f2f3e4fe36f058c8cfc75d93adf4fed", size = 138977, upload-time = "2026-02-24T03:57:11.932Z" },
    { url = "https://files.pythonhosted.org/packages/11/be/bbc983059e48a54b0121ee60042979faed7674490bbe7b2c41560db3f436/ijson-3.5.0-cp312-cp312-manylinux2014_aarch64.manylinux_2_17_aarch64.manylinux_2_28_aarch64.whl", hash = "sha256:f1e73a44844d9adbca9cf2c4132cd875933e83f3d4b23881fcaf82be83644c7d", size = 149785, upload-time = "2026-02-24T03:57:13.255Z" },
    { url = "https://files.pythonhosted.org/packages/6d/81/2fee58f9024a3449aee83edfa7167fb5ccd7e1af2557300e28531bb68e16/ijson-3.5.0-cp312-cp312-manylinux2014_x86_64.manylinux_2_17_x86_64.manylinux_2_28_x86_64.whl", hash = "sha256:7389a56b8562a19948bdf1d7bae3a2edc8c7f86fb59834dcb1c4c722818e645a", size = 149729, upload-time = "2026-02-24T03:57:14.191Z" },
    { url = "https://files.pythonhosted.org/packages/c7/56/f1706761fcc096c9d414b3dcd000b1e6e5c24364c21cfba429837f98ee8d/ijson-3.5.0-cp312-cp312-musllinux_1_2_aarch64.whl", hash = "sha256:3176f23f8ebec83f374ed0c3b4e5a0c4db7ede54c005864efebbed46da123608", size = 150697, upload-time = "2026-02-24T03:57:15.855Z" },
    { url = "https://files.pythonhosted.org/packages/d9/6e/ee0d9c875a0193b632b3e9ccd1b22a50685fb510256ad57ba483b6529f77/ijson-3.5.0-cp312-cp312-musllinux_1_2_i686.whl", hash = "sha256:6babd88e508630c6ef86c9bebaaf13bb2fb8ec1d8f8868773a03c20253f599bc", size = 142873, upload-time = "2026-02-24T03:57:16.831Z" },
    { url = "https://files.pythonhosted.org/packages/d2/bf/f9d4399d0e6e3fd615035290a71e97c843f17f329b43638c0a01cf112d73/ijson-3.5.0-cp312-cp312-musllinux_1_2_x86_64.whl", hash = "sha256:dc1b3836b174b6db2fa8319f1926fb5445abd195dc963368092103f8579cb8ed", size = 151583, upload-time = "2026-02-24T03:57:17.757Z" },
    { url = "https://files.pythonhosted.org/packages/b2/71/a7254a065933c0e2ffd3586f46187d84830d3d7b6f41cfa5901820a4f87d/ijson-3.5.0-cp312-cp312-win32.whl", hash = "sha256:6673de9395fb9893c1c79a43becd8c8fbee0a250be6ea324bfd1487bb5e9ee4c", size = 53079, upload-time = "2026-02-24T03:57:18.703Z" },
    { url = "https://files.pythonhosted.org/packages/8f/7b/2edca79b359fc9f95d774616867a03ecccdf333797baf5b3eea79733918c/ijson-3.5.0-cp312-cp312-win_amd64.whl", hash = "sha256:f4f7fabd653459dcb004175235f310435959b1bb5dfa8878578391c6cc9ad944", size = 55500, upload-time = "2026-02-24T03:57:20.428Z" },
    { url = "https://files.pythonhosted.org/packages/a2/71/d67e764a712c3590627480643a3b51efcc3afa4ef3cb54ee4c989073c97e/ijson-3.5.0-cp313-cp313-macosx_10_13_universal2.whl", hash = "sha256:e9cedc10e40dd6023c351ed8bfc7dcfce58204f15c321c3c1546b9c7b12562a4", size = 88544, upload-time = "2026-02-24T03:57:21.293Z" },
    { url = "https://files.pythonhosted.org/packages/1a/39/f1c299371686153fa3cf5c0736b96247a87a1bee1b7145e6d21f359c505a/ijson-3.5.0-cp313-cp313-macosx_10_13_x86_64.whl", hash = "sha256:3647649f782ee06c97490b43680371186651f3f69bebe64c6083ee7615d185e5", size = 60495, upload-time = "2026-02-24T03:57:22.501Z" },
    { url = "https://files.pythonhosted.org/packages/16/94/b1438e204d75e01541bebe3e668fe3e68612d210e9931ae1611062dd0a56/ijson-3.5.0-cp313-cp313-macosx_11_0_arm64.whl", hash = "sha256:90e74be1dce05fce73451c62d1118671f78f47c9f6be3991c82b91063bf01fc9", size = 60325, upload-time = "2026-02-24T03:57:23.332Z" },
    { url = "https://files.pythonhosted.org/packages/30/e2/4aa9c116fa86cc8b0f574f3c3a47409edc1cd4face05d0e589a5a176b05d/ijson-3.5.0-cp313-cp313-manylinux1_i686.manylinux_2_28_i686.manylinux_2_5_i686.whl", hash = "sha256:78e9ad73e7be2dd80627504bd5cbf512348c55ce2c06e362ed7683b5220e8568", size = 138774, upload-time = "2026-02-24T03:57:24.683Z" },
    { url = "https://files.pythonhosted.org/packages/d2/d2/738b88752a70c3be1505faa4dcd7110668c2712e582a6a36488ed1e295d4/ijson-3.5.0-cp313-cp313-manylinux2014_aarch64.manylinux_2_17_aarch64.manylinux_2_28_aarch64.whl", hash = "sha256:9577449313cc94be89a4fe4b3e716c65f09cc19636d5a6b2861c4e80dddebd58", size = 149820, upload-time = "2026-02-24T03:57:26.062Z" },
    { url = "https://files.pythonhosted.org/packages/ed/df/0b3ab9f393ca8f72ea03bc896ba9fdc987e90ae08cdb51c32a4ee0c14d5e/ijson-3.5.0-cp313-cp313-manylinux2014_x86_64.manylinux_2_17_x86_64.manylinux_2_28_x86_64.whl", hash = "sha256:3e4c1178fb50aff5f5701a30a5152ead82a14e189ce0f6102fa1b5f10b2f54ff", size = 149747, upload-time = "2026-02-24T03:57:27.308Z" },
    { url = "https://files.pythonhosted.org/packages/cc/a3/b0037119f75131b78cb00acc2657b1a9d0435475f1f2c5f8f5a170b66b9c/ijson-3.5.0-cp313-cp313-musllinux_1_2_aarch64.whl", hash = "sha256:0eb402ab026ffb37a918d75af2b7260fe6cfbce13232cc83728a714dd30bd81d", size = 151027, upload-time = "2026-02-24T03:57:28.522Z" },
    { url = "https://files.pythonhosted.org/packages/22/a0/cb344de1862bf09d8f769c9d25c944078c87dd59a1b496feec5ad96309a4/ijson-3.5.0-cp313-cp313-musllinux_1_2_i686.whl", hash = "sha256:5b08ee08355f9f729612a8eb9bf69cc14f9310c3b2a487c6f1c3c65d85216ec4", size = 142996, upload-time = "2026-02-24T03:57:29.774Z" },
    { url = "https://files.pythonhosted.org/packages/ca/32/a8ffd67182e02ea61f70f62daf43ded4fa8a830a2520a851d2782460aba8/ijson-3.5.0-cp313-cp313-musllinux_1_2_x86_64.whl", hash = "sha256:bda62b6d48442903e7bf56152108afb7f0f1293c2b9bef2f2c369defea76ab18", size = 152068, upload-time = "2026-02-24T03:57:30.969Z" },
    { url = "https://files.pythonhosted.org/packages/3c/d1/3578df8e75d446aab0ae92e27f641341f586b85e1988536adebc65300cb4/ijson-3.5.0-cp313-cp313-win32.whl", hash = "sha256:8d073d9b13574cfa11083cc7267c238b7a6ed563c2661e79192da4a25f09c82c", size = 53065, upload-time = "2026-02-24T03:57:31.93Z" },
    { url = "https://files.pythonhosted.org/packages/fb/a2/f7cdaf5896710da3e69e982e44f015a83d168aa0f3a89b6f074b5426779d/ijson-3.5.0-cp313-cp313-win_amd64.whl", hash = "sha256:2419f9e32e0968a876b04d8f26aeac042abd16f582810b576936bbc4c6015069", size = 55499, upload-time = "2026-02-24T03:57:32.773Z" },
    { url = "https://files.pythonhosted.org/packages/42/65/13e2492d17e19a2084523e18716dc2809159f2287fd2700c735f311e76c4/ijson-3.5.0-cp313-cp313t-macosx_10_13_universal2.whl", hash = "sha256:4d4b0cd676b8c842f7648c1a783448fac5cd3b98289abd83711b3e275e143524", size = 93019, upload-time = "2026-02-24T03:57:33.976Z" },
    { url = "https://files.pythonhosted.org/packages/33/92/483fc97ece0c3f1cecabf48f6a7a36e89d19369eec462faaeaa34c788992/ijson-3.5.0-cp313-cp313t-macosx_10_13_x86_64.whl", hash = "sha256:252dec3680a48bb82d475e36b4ae1b3a9d7eb690b951bb98a76c5fe519e30188", size = 62714, upload-time = "2026-02-24T03:57:34.819Z" },
    { url = "https://files.pythonhosted.org/packages/4b/88/793fe020a0fe9d9eed4c285cf4a5cfdb0a935708b3bde0d72f35c794b513/ijson-3.5.0-cp313-cp313t-macosx_11_0_arm64.whl", hash = "sha256:aa1b5dca97d323931fde2501172337384c958914d81a9dac7f00f0d4bfc76bc7", size = 62460, upload-time = "2026-02-24T03:57:35.874Z" },
    { url = "https://files.pythonhosted.org/packages/51/69/f1a2690aa8d4df1f4e262b385e65a933ffdc250b091531bac9a449c19e16/ijson-3.5.0-cp313-cp313t-manylinux1_i686.manylinux_2_28_i686.manylinux_2_5_i686.whl", hash = "sha256:7a5ec7fd86d606094bba6f6f8f87494897102fa4584ef653f3005c51a784c320", size = 199273, upload-time = "2026-02-24T03:57:37.07Z" },
    { url = "https://files.pythonhosted.org/packages/ea/a2/f1346d5299e79b988ab472dc773d5381ec2d57c23cb2f1af3ede4a810e62/ijson-3.5.0-cp313-cp313t-manylinux2014_aarch64.manylinux_2_17_aarch64.manylinux_2_28_aarch64.whl", hash = "sha256:009f41443e1521847701c6d87fa3923c0b1961be3c7e7de90947c8cb92ea7c44", size = 216884, upload-time = "2026-02-24T03:57:38.346Z" },
    { url = "https://files.pythonhosted.org/packages/28/3c/8b637e869be87799e6c2c3c275a30a546f086b1aed77e2b7f11512168c5a/ijson-3.5.0-cp313-cp313t-manylinux2014_x86_64.manylinux_2_17_x86_64.manylinux_2_28_x86_64.whl", hash = "sha256:e4c3651d1f9fe2839a93fdf8fd1d5ca3a54975349894249f3b1b572bcc4bd577", size = 207306, upload-time = "2026-02-24T03:57:39.718Z" },
    { url = "https://files.pythonhosted.org/packages/7f/7c/18b1c1df6951ca056782d7580ec40cea4ff9a27a0947d92640d1cc8c4ae3/ijson-3.5.0-cp313-cp313t-musllinux_1_2_aarch64.whl", hash = "sha256:945b7abcfcfeae2cde17d8d900870f03536494245dda7ad4f8d056faa303256c", size = 211364, upload-time = "2026-02-24T03:57:40.953Z" },
    { url = "https://files.pythonhosted.org/packages/f3/55/e795812e82851574a9dba8a53fde045378f531ef14110c6fb55dbd23b443/ijson-3.5.0-cp313-cp313t-musllinux_1_2_i686.whl", hash = "sha256:0574b0a841ff97495c13e9d7260fbf3d85358b061f540c52a123db9dbbaa2ed6", size = 200608, upload-time = "2026-02-24T03:57:42.272Z" },
    { url = "https://files.pythonhosted.org/packages/5c/cd/013c85b4749b57a4cb4c2670014d1b32b8db4ab1a7be92ea7aeb5d7fe7b5/ijson-3.5.0-cp313-cp313t-musllinux_1_2_x86_64.whl", hash = "sha256:f969ffb2b89c5cdf686652d7fb66252bc72126fa54d416317411497276056a18", size = 205127, upload-time = "2026-02-24T03:57:43.286Z" },
    { url = "https://files.pythonhosted.org/packages/0e/7c/faf643733e3ab677f180018f6a855c4ef70b7c46540987424c563c959e42/ijson-3.5.0-cp313-cp313t-win32.whl", hash = "sha256:59d3f9f46deed1332ad669518b8099920512a78bda64c1f021fcd2aff2b36693", size = 55282, upload-time = "2026-02-24T03:57:44.353Z" },
    { url = "https://files.pythonhosted.org/packages/69/22/94ddb47c24b491377aca06cd8fc9202cad6ab50619842457d2beefde21ea/ijson-3.5.0-cp313-cp313t-win_amd64.whl", hash = "sha256:5c2839fa233746d8aad3b8cd2354e441613f5df66d721d59da4a09394bd1db2b", size = 58016, upload-time = "2026-02-24T03:57:45.237Z" },
    { url = "https://files.pythonhosted.org/packages/7a/93/0868efe753dc1df80cc405cf0c1f2527a6991643607c741bff8dcb899b3b/ijson-3.5.0-cp314-cp314-macosx_10_15_universal2.whl", hash = "sha256:25a5a6b2045c90bb83061df27cfa43572afa43ba9408611d7bfe237c20a731a9", size = 89094, upload-time = "2026-02-24T03:57:46.115Z" },
    { url = "https://files.pythonhosted.org/packages/24/94/fd5a832a0df52ef5e4e740f14ac8640725d61034a1b0c561e8b5fb424706/ijson-3.5.0-cp314-cp314-macosx_10_15_x86_64.whl", hash = "sha256:8976c54c0b864bc82b951bae06567566ac77ef63b90a773a69cd73aab47f4f4f", size = 60715, upload-time = "2026-02-24T03:57:47.552Z" },
    { url = "https://files.pythonhosted.org/packages/70/79/1b9a90af5732491f9eec751ee211b86b11011e1158c555c06576d52c3919/ijson-3.5.0-cp314-cp314-macosx_11_0_arm64.whl", hash = "sha256:859eb2038f7f1b0664df4241957694cc35e6295992d71c98659b22c69b3cbc10", size = 60638, upload-time = "2026-02-24T03:57:48.428Z" },
    { url = "https://files.pythonhosted.org/packages/23/6f/2c551ea980fe56f68710a8d5389cfbd015fc45aaafd17c3c52c346db6aa1/ijson-3.5.0-cp314-cp314-manylinux1_i686.manylinux_2_28_i686.manylinux_2_5_i686.whl", hash = "sha256:c911aa02991c7c0d3639b6619b93a93210ff1e7f58bf7225d613abea10adc78e", size = 140667, upload-time = "2026-02-24T03:57:49.314Z" },
    { url = "https://files.pythonhosted.org/packages/25/0e/27b887879ba6a5bc29766e3c5af4942638c952220fd63e1e442674f7883a/ijson-3.5.0-cp314-cp314-manylinux2014_aarch64.manylinux_2_17_aarch64.manylinux_2_28_aarch64.whl", hash = "sha256:903cbdc350173605220edc19796fbea9b2203c8b3951fb7335abfa8ed37afda8", size = 149850, upload-time = "2026-02-24T03:57:50.329Z" },
    { url = "https://files.pythonhosted.org/packages/da/1e/23e10e1bc04bf31193b21e2960dce14b17dbd5d0c62204e8401c59d62c08/ijson-3.5.0-cp314-cp314-manylinux2014_x86_64.manylinux_2_17_x86_64.manylinux_2_28_x86_64.whl", hash = "sha256:a4549d96ded5b8efa71639b2160235415f6bdb8c83367615e2dbabcb72755c33", size = 149206, upload-time = "2026-02-24T03:57:51.261Z" },
    { url = "https://files.pythonhosted.org/packages/8e/90/e552f6495063b235cf7fa2c592f6597c057077195e517b842a0374fd470c/ijson-3.5.0-cp314-cp314-musllinux_1_2_aarch64.whl", hash = "sha256:6b2dcf6349e6042d83f3f8c39ce84823cf7577eba25bac5aae5e39bbbbbe9c1c", size = 150438, upload-time = "2026-02-24T03:57:52.198Z" },
    { url = "https://files.pythonhosted.org/packages/5c/18/45bf8f297c41b42a1c231d261141097babd953d2c28a07be57ae4c3a1a02/ijson-3.5.0-cp314-cp314-musllinux_1_2_i686.whl", hash = "sha256:e44af39e6f8a17e5627dcd89715d8279bf3474153ff99aae031a936e5c5572e5", size = 144369, upload-time = "2026-02-24T03:57:53.22Z" },
    { url = "https://files.pythonhosted.org/packages/9b/3a/deb9772bb2c0cead7ad64f00c3598eec9072bdf511818e70e2c512eeabbe/ijson-3.5.0-cp314-cp314-musllinux_1_2_x86_64.whl", hash = "sha256:9260332304b7e7828db56d43f08fc970a3ab741bf84ff10189361ea1b60c395b", size = 151352, upload-time = "2026-02-24T03:57:54.375Z" },
    { url = "https://files.pythonhosted.org/packages/e4/51/67f4d80cd58ad7eab0cd1af5fe28b961886338956b2f88c0979e21914346/ijson-3.5.0-cp314-cp314-win32.whl", hash = "sha256:63bc8121bb422f6969ced270173a3fa692c29d4ae30c860a2309941abd81012a", size = 53610, upload-time = "2026-02-24T03:57:55.655Z" },
    { url = "https://files.pythonhosted.org/packages/70/d3/263672ea22983ba3940f1534316dbc9200952c1c2a2332d7a664e4eaa7ae/ijson-3.5.0-cp314-cp314-win_amd64.whl", hash = "sha256:01b6dad72b7b7df225ef970d334556dfad46c696a2c6767fb5d9ed8889728bca", size = 56301, upload-time = "2026-02-24T03:57:56.584Z" },
    { url = "https://files.pythonhosted.org/packages/9f/d9/86f7fac35e0835faa188085ae0579e813493d5261ce056484015ad533445/ijson-3.5.0-cp314-cp314t-macosx_10_15_universal2.whl", hash = "sha256:2ea4b676ec98e374c1df400a47929859e4fa1239274339024df4716e802aa7e4", size = 93069, upload-time = "2026-02-24T03:57:57.849Z" },
    { url = "https://files.pythonhosted.org/packages/33/d2/e7366ed9c6e60228d35baf4404bac01a126e7775ea8ce57f560125ed190a/ijson-3.5.0-cp314-cp314t-macosx_10_15_x86_64.whl", hash = "sha256:014586eec043e23c80be9a923c56c3a0920a0f1f7d17478ce7bc20ba443968ef", size = 62767, upload-time = "2026-02-24T03:57:58.758Z" },
    { url = "https://files.pythonhosted.org/packages/35/8b/3e703e8cc4b3ada79f13b28070b51d9550c578f76d1968657905857b2ddd/ijson-3.5.0-cp314-cp314t-macosx_11_0_arm64.whl", hash = "sha256:d5b8b886b0248652d437f66e7c5ac318bbdcb2c7137a7e5327a68ca00b286f5f", size = 62467, upload-time = "2026-02-24T03:58:00.261Z" },
    { url = "https://files.pythonhosted.org/packages/21/42/0c91af32c1ee8a957fdac2e051b5780756d05fd34e4b60d94a08d51bac1d/ijson-3.5.0-cp314-cp314t-manylinux1_i686.manylinux_2_28_i686.manylinux_2_5_i686.whl", hash = "sha256:498fd46ae2349297e43acf97cdc421e711dbd7198418677259393d2acdc62d78", size = 200447, upload-time = "2026-02-24T03:58:01.591Z" },
    { url = "https://files.pythonhosted.org/packages/f9/80/796ea0e391b7e2d45c5b1b451734bba03f81c2984cf955ea5eaa6c4920ad/ijson-3.5.0-cp314-cp314t-manylinux2014_aarch64.manylinux_2_17_aarch64.manylinux_2_28_aarch64.whl", hash = "sha256:22a51b4f9b81f12793731cf226266d1de2112c3c04ba4a04117ad4e466897e05", size = 217820, upload-time = "2026-02-24T03:58:02.598Z" },
    { url = "https://files.pythonhosted.org/packages/38/14/52b6613fdda4078c62eb5b4fe3efc724ddc55a4ad524c93de51830107aa3/ijson-3.5.0-cp314-cp314t-manylinux2014_x86_64.manylinux_2_17_x86_64.manylinux_2_28_x86_64.whl", hash = "sha256:9636c710dc4ac4a281baa266a64f323b4cc165cec26836af702c44328b59a515", size = 208310, upload-time = "2026-02-24T03:58:04.759Z" },
    { url = "https://files.pythonhosted.org/packages/6a/ad/8b3105a78774fd4a65e534a21d975ef3a77e189489fe3029ebcaeba5e243/ijson-3.5.0-cp314-cp314t-musllinux_1_2_aarch64.whl", hash = "sha256:f7168a39e8211107666d71b25693fd1b2bac0b33735ef744114c403c6cac21e1", size = 211843, upload-time = "2026-02-24T03:58:05.836Z" },
    { url = "https://files.pythonhosted.org/packages/36/ab/a2739f6072d6e1160581bc3ed32da614c8cced023dcd519d9c5fa66e0425/ijson-3.5.0-cp314-cp314t-musllinux_1_2_i686.whl", hash = "sha256:8696454245415bc617ab03b0dc3ae4c86987df5dc6a90bad378fe72c5409d89e", size = 200906, upload-time = "2026-02-24T03:58:07.788Z" },
    { url = "https://files.pythonhosted.org/packages/6d/5e/e06c2de3c3d4a9cfb655c1ad08a68fb72838d271072cdd3196576ac4431a/ijson-3.5.0-cp314-cp314t-musllinux_1_2_x86_64.whl", hash = "sha256:c21bfb61f71f191565885bf1bc29e0a186292d866b4880637b833848360bdc1b", size = 205495, upload-time = "2026-02-24T03:58:09.163Z" },
    { url = "https://files.pythonhosted.org/packages/7c/11/778201eb2e202ddd76b36b0fb29bf3d8e3c167389d8aa883c62524e49f47/ijson-3.5.0-cp314-cp314t-win32.whl", hash = "sha256:a2619460d6795b70d0155e5bf016200ac8a63ab5397aa33588bb02b6c21759e6", size = 56280, upload-time = "2026-02-24T03:58:10.116Z" },
    { url = "https://files.pythonhosted.org/packages/23/28/96711503245339084c8086b892c47415895eba49782d6cc52d9f4ee50301/ijson-3.5.0-cp314-cp314t-win_amd64.whl", hash = "sha256:4f24b78d4ef028d17eb57ad1b16c0aed4a17bdd9badbf232dc5d9305b7e13854", size = 58965, upload-time = "2026-02-24T03:58:11.278Z" },
]

[[package]]
name = "numpy"
version = "2.4.4"
source = { registry = "https://pypi.org/simple" }
sdist = { url = "https://files.pythonhosted.org/packages/d7/9f/b8cef5bffa569759033adda9481211426f12f53299629b410340795c2514/numpy-2.4.4.tar.gz", hash = "sha256:2d390634c5182175533585cc89f3608a4682ccb173cc9bb940b2881c8d6f8fa0", size = 20731587, upload-time = "2026-03-29T13:22:01.298Z" }
wheels = [
    { url = "https://files.pythonhosted.org/packages/28/05/32396bec30fb2263770ee910142f49c1476d08e8ad41abf8403806b520ce/numpy-2.4.4-cp312-cp312-macosx_10_13_x86_64.whl", hash = "sha256:15716cfef24d3a9762e3acdf87e27f58dc823d1348f765bbea6bef8c639bfa1b", size = 16689272, upload-time = "2026-03-29T13:18:49.223Z" },
    { url = "https://files.pythonhosted.org/packages/c5/f3/a983d28637bfcd763a9c7aafdb6d5c0ebf3d487d1e1459ffdb57e2f01117/numpy-2.4.4-cp312-cp312-macosx_11_0_arm64.whl", hash = "sha256:23cbfd4c17357c81021f21540da84ee282b9c8fba38a03b7b9d09ba6b951421e", size = 14699573, upload-time = "2026-03-29T13:18:52.629Z" },
    { url = "https://files.pythonhosted.org/packages/9b/fd/e5ecca1e78c05106d98028114f5c00d3eddb41207686b2b7de3e477b0e22/numpy-2.4.4-cp312-cp312-macosx_14_0_arm64.whl", hash = "sha256:8b3b60bb7cba2c8c81837661c488637eee696f59a877788a396d33150c35d842", size = 5204782, upload-time = "2026-03-29T13:18:55.579Z" },
    { url = "https://files.pythonhosted.org/packages/de/2f/702a4594413c1a8632092beae8aba00f1d67947389369b3777aed783fdca/numpy-2.4.4-cp312-cp312-macosx_14_0_x86_64.whl", hash = "sha256:e4a010c27ff6f210ff4c6ef34394cd61470d01014439b192ec22552ee867f2a8", size = 6552038, upload-time = "2026-03-29T13:18:57.769Z" },
    { url = "https://files.pythonhosted.org/packages/7f/37/eed308a8f56cba4d1fdf467a4fc67ef4ff4bf1c888f5fc980481890104b1/numpy-2.4.4-cp312-cp312-manylinux_2_27_aarch64.manylinux_2_28_aarch64.whl", hash = "sha256:f9e75681b59ddaa5e659898085ae0eaea229d054f2ac0c7e563a62205a700121", size = 15670666, upload-time = "2026-03-29T13:19:00.341Z" },
    { url = "https://files.pythonhosted.org/packages/0a/0d/0e3ecece05b7a7e87ab9fb587855548da437a061326fff64a223b6dcb78a/numpy-2.4.4-cp312-cp312-manylinux_2_27_x86_64.manylinux_2_28_x86_64.whl", hash = "sha256:81f4a14bee47aec54f883e0cad2d73986640c1590eb9bfaaba7ad17394481e6e", size = 16645480, upload-time = "2026-03-29T13:19:03.63Z" },
    { url = "https://files.pythonhosted.org/packages/34/49/f2312c154b82a286758ee2f1743336d50651f8b5195db18cdb63675ff649/numpy-2.4.4-cp312-cp312-musllinux_1_2_aarch64.whl", hash = "sha256:62d6b0f03b694173f9fcb1fb317f7222fd0b0b103e784c6549f5e53a27718c44", size = 17020036, upload-time = "2026-03-29T13:19:07.428Z" },
    { url = "https://files.pythonhosted.org/packages/7b/e9/736d17bd77f1b0ec4f9901aaec129c00d59f5d84d5e79bba540ef12c2330/numpy-2.4.4-cp312-cp312-musllinux_1_2_x86_64.whl", hash = "sha256:fbc356aae7adf9e6336d336b9c8111d390a05df88f1805573ebb0807bd06fd1d", size = 18368643, upload-time = "2026-03-29T13:19:10.775Z" },
    { url = "https://files.pythonhosted.org/packages/63/f6/d417977c5f519b17c8a5c3bc9e8304b0908b0e21136fe43bf628a1343914/numpy-2.4.4-cp312-cp312-win32.whl", hash = "sha256:0d35aea54ad1d420c812bfa0385c71cd7cc5bcf7c65fed95fc2cd02fe8c79827", size = 5961117, upload-time = "2026-03-29T13:19:13.464Z" },
    { url = "https://files.pythonhosted.org/packages/2d/5b/e1deebf88ff431b01b7406ca3583ab2bbb90972bbe1c568732e49c844f7e/numpy-2.4.4-cp312-cp312-win_amd64.whl", hash = "sha256:b5f0362dc928a6ecd9db58868fca5e48485205e3855957bdedea308f8672ea4a", size = 12320584, upload-time = "2026-03-29T13:19:16.155Z" },
    { url = "https://files.pythonhosted.org/packages/58/89/e4e856ac82a68c3ed64486a544977d0e7bdd18b8da75b78a577ca31c4395/numpy-2.4.4-cp312-cp312-win_arm64.whl", hash = "sha256:846300f379b5b12cc769334464656bc882e0735d27d9726568bc932fdc49d5ec", size = 10221450, upload-time = "2026-03-29T13:19:18.994Z" },
    { url = "https://files.pythonhosted.org/packages/14/1d/d0a583ce4fefcc3308806a749a536c201ed6b5ad6e1322e227ee4848979d/numpy-2.4.4-cp313-cp313-macosx_10_13_x86_64.whl", hash = "sha256:08f2e31ed5e6f04b118e49821397f12767934cfdd12a1ce86a058f91e004ee50", size = 16684933, upload-time = "2026-03-29T13:19:22.47Z" },
    { url = "https://files.pythonhosted.org/packages/c1/62/2b7a48fbb745d344742c0277f01286dead15f3f68e4f359fbfcf7b48f70f/numpy-2.4.4-cp313-cp313-macosx_11_0_arm64.whl", hash = "sha256:e823b8b6edc81e747526f70f71a9c0a07ac4e7ad13020aa736bb7c9d67196115", size = 14694532, upload-time = "2026-03-29T13:19:25.581Z" },
    { url = "https://files.pythonhosted.org/packages/e5/87/499737bfba066b4a3bebff24a8f1c5b2dee410b209bc6668c9be692580f0/numpy-2.4.4-cp313-cp313-macosx_14_0_arm64.whl", hash = "sha256:4a19d9dba1a76618dd86b164d608566f393f8ec6ac7c44f0cc879011c45e65af", size = 5199661, upload-time = "2026-03-29T13:19:28.31Z" },
    { url = "https://files.pythonhosted.org/packages/cd/da/464d551604320d1491bc345efed99b4b7034143a85787aab78d5691d5a0e/numpy-2.4.4-cp313-cp313-macosx_14_0_x86_64.whl", hash = "sha256:d2a8490669bfe99a233298348acc2d824d496dee0e66e31b66a6022c2ad74a5c", size = 6547539, upload-time = "2026-03-29T13:19:30.97Z" },
    { url = "https://files.pythonhosted.org/packages/7d/90/8d23e3b0dafd024bf31bdec225b3bb5c2dbfa6912f8a53b8659f21216cbf/numpy-2.4.4-cp313-cp313-manylinux_2_27_aarch64.manylinux_2_28_aarch64.whl", hash = "sha256:45dbed2ab436a9e826e302fcdcbe9133f9b0006e5af7168afb8963a6520da103", size = 15668806, upload-time = "2026-03-29T13:19:33.887Z" },
    { url = "https://files.pythonhosted.org/packages/d1/73/a9d864e42a01896bb5974475438f16086be9ba1f0d19d0bb7a07427c4a8b/numpy-2.4.4-cp313-cp313-manylinux_2_27_x86_64.manylinux_2_28_x86_64.whl", hash = "sha256:c901b15172510173f5cb310eae652908340f8dede90fff9e3bf6c0d8dfd92f83", size = 16632682, upload-time = "2026-03-29T13:19:37.336Z" },
    { url = "https://files.pythonhosted.org/packages/34/fb/14570d65c3bde4e202a031210475ae9cde9b7686a2e7dc97ee67d2833b35/numpy-2.4.4-cp313-cp313-musllinux_1_2_aarch64.whl", hash = "sha256:99d838547ace2c4aace6c4f76e879ddfe02bb58a80c1549928477862b7a6d6ed", size = 17019810, upload-time = "2026-03-29T13:19:40.963Z" },
    { url = "https://files.pythonhosted.org/packages/8a/77/2ba9d87081fd41f6d640c83f26fb7351e536b7ce6dd9061b6af5904e8e46/numpy-2.4.4-cp313-cp313-musllinux_1_2_x86_64.whl", hash = "sha256:0aec54fd785890ecca25a6003fd9a5aed47ad607bbac5cd64f836ad8666f4959", size = 18357394, upload-time = "2026-03-29T13:19:44.859Z" },
    { url = "https://files.pythonhosted.org/packages/a2/23/52666c9a41708b0853fa3b1a12c90da38c507a3074883823126d4e9d5b30/numpy-2.4.4-cp313-cp313-win32.whl", hash = "sha256:07077278157d02f65c43b1b26a3886bce886f95d20aabd11f87932750dfb14ed", size = 5959556, upload-time = "2026-03-29T13:19:47.661Z" },
    { url = "https://files.pythonhosted.org/packages/57/fb/48649b4971cde70d817cf97a2a2fdc0b4d8308569f1dd2f2611959d2e0cf/numpy-2.4.4-cp313-cp313-win_amd64.whl", hash = "sha256:5c70f1cc1c4efbe316a572e2d8b9b9cc44e89b95f79ca3331553fbb63716e2bf", size = 12317311, upload-time = "2026-03-29T13:19:50.67Z" },
    { url = "https://files.pythonhosted.org/packages/ba/d8/11490cddd564eb4de97b4579ef6bfe6a736cc07e94c1598590ae25415e01/numpy-2.4.4-cp313-cp313-win_arm64.whl", hash = "sha256:ef4059d6e5152fa1a39f888e344c73fdc926e1b2dd58c771d67b0acfbf2aa67d", size = 10222060, upload-time = "2026-03-29T13:19:54.229Z" },
    { url = "https://files.pythonhosted.org/packages/99/5d/dab4339177a905aad3e2221c915b35202f1ec30d750dd2e5e9d9a72b804b/numpy-2.4.4-cp313-cp313t-macosx_11_0_arm64.whl", hash = "sha256:4bbc7f303d125971f60ec0aaad5e12c62d0d2c925f0ab1273debd0e4ba37aba5", size = 14822302, upload-time = "2026-03-29T13:19:57.585Z" },
    { url = "https://files.pythonhosted.org/packages/eb/e4/0564a65e7d3d97562ed6f9b0fd0fb0a6f559ee444092f105938b50043876/numpy-2.4.4-cp313-cp313t-macosx_14_0_arm64.whl", hash = "sha256:4d6d57903571f86180eb98f8f0c839fa9ebbfb031356d87f1361be91e433f5b7", size = 5327407, upload-time = "2026-03-29T13:20:00.601Z" },
    { url = "https://files.pythonhosted.org/packages/29/8d/35a3a6ce5ad371afa58b4700f1c820f8f279948cca32524e0a695b0ded83/numpy-2.4.4-cp313-cp313t-macosx_14_0_x86_64.whl", hash = "sha256:4636de7fd195197b7535f231b5de9e4b36d2c440b6e566d2e4e4746e6af0ca93", size = 6647631, upload-time = "2026-03-29T13:20:02.855Z" },
    { url = "https://files.pythonhosted.org/packages/f4/da/477731acbd5a58a946c736edfdabb2ac5b34c3d08d1ba1a7b437fa0884df/numpy-2.4.4-cp313-cp313t-manylinux_2_27_aarch64.manylinux_2_28_aarch64.whl", hash = "sha256:ad2e2ef14e0b04e544ea2fa0a36463f847f113d314aa02e5b402fdf910ef309e", size = 15727691, upload-time = "2026-03-29T13:20:06.004Z" },
    { url = "https://files.pythonhosted.org/packages/e6/db/338535d9b152beabeb511579598418ba0212ce77cf9718edd70262cc4370/numpy-2.4.4-cp313-cp313t-manylinux_2_27_x86_64.manylinux_2_28_x86_64.whl", hash = "sha256:5a285b3b96f951841799528cd1f4f01cd70e7e0204b4abebac9463eecfcf2a40", size = 16681241, upload-time = "2026-03-29T13:20:09.417Z" },
    { url = "https://files.pythonhosted.org/packages/e2/a9/ad248e8f58beb7a0219b413c9c7d8151c5d285f7f946c3e26695bdbbe2df/numpy-2.4.4-cp313-cp313t-musllinux_1_2_aarch64.whl", hash = "sha256:f8474c4241bc18b750be2abea9d7a9ec84f46ef861dbacf86a4f6e043401f79e", size = 17085767, upload-time = "2026-03-29T13:20:13.126Z" },
    { url = "https://files.pythonhosted.org/packages/b5/1a/3b88ccd3694681356f70da841630e4725a7264d6a885c8d442a697e1146b/numpy-2.4.4-cp313-cp313t-musllinux_1_2_x86_64.whl", hash = "sha256:4e874c976154687c1f71715b034739b45c7711bec81db01914770373d125e392", size = 18403169, upload-time = "2026-03-29T13:20:17.096Z" },
    { url = "https://files.pythonhosted.org/packages/c2/c9/fcfd5d0639222c6eac7f304829b04892ef51c96a75d479214d77e3ce6e33/numpy-2.4.4-cp313-cp313t-win32.whl", hash = "sha256:9c585a1790d5436a5374bac930dad6ed244c046ed91b2b2a3634eb2971d21008", size = 6083477, upload-time = "2026-03-29T13:20:20.195Z" },
    { url = "https://files.pythonhosted.org/packages/d5/e3/3938a61d1c538aaec8ed6fd6323f57b0c2d2d2219512434c5c878db76553/numpy-2.4.4-cp313-cp313t-win_amd64.whl", hash = "sha256:93e15038125dc1e5345d9b5b68aa7f996ec33b98118d18c6ca0d0b7d6198b7e8", size = 12457487, upload-time = "2026-03-29T13:20:22.946Z" },
    { url = "https://files.pythonhosted.org/packages/97/6a/7e345032cc60501721ef94e0e30b60f6b0bd601f9174ebd36389a2b86d40/numpy-2.4.4-cp313-cp313t-win_arm64.whl", hash = "sha256:0dfd3f9d3adbe2920b68b5cd3d51444e13a10792ec7154cd0a2f6e74d4ab3233", size = 10292002, upload-time = "2026-03-29T13:20:25.909Z" },
    { url = "https://files.pythonhosted.org/packages/6e/06/c54062f85f673dd5c04cbe2f14c3acb8c8b95e3384869bb8cc9bff8cb9df/numpy-2.4.4-cp314-cp314-macosx_10_15_x86_64.whl", hash = "sha256:f169b9a863d34f5d11b8698ead99febeaa17a13ca044961aa8e2662a6c7766a0", size = 16684353, upload-time = "2026-03-29T13:20:29.504Z" },
    { url = "https://files.pythonhosted.org/packages/4c/39/8a320264a84404c74cc7e79715de85d6130fa07a0898f67fb5cd5bd79908/numpy-2.4.4-cp314-cp314-macosx_11_0_arm64.whl", hash = "sha256:2483e4584a1cb3092da4470b38866634bafb223cbcd551ee047633fd2584599a", size = 14704914, upload-time = "2026-03-29T13:20:33.547Z" },
    { url = "https://files.pythonhosted.org/packages/91/fb/287076b2614e1d1044235f50f03748f31fa287e3dbe6abeb35cdfa351eca/numpy-2.4.4-cp314-cp314-macosx_14_0_arm64.whl", hash = "sha256:2d19e6e2095506d1736b7d80595e0f252d76b89f5e715c35e06e937679ea7d7a", size = 5210005, upload-time = "2026-03-29T13:20:36.45Z" },
    { url = "https://files.pythonhosted.org/packages/63/eb/fcc338595309910de6ecabfcef2419a9ce24399680bfb149421fa2df1280/numpy-2.4.4-cp314-cp314-macosx_14_0_x86_64.whl", hash = "sha256:6a246d5914aa1c820c9443ddcee9c02bec3e203b0c080349533fae17727dfd1b", size = 6544974, upload-time = "2026-03-29T13:20:39.014Z" },
    { url = "https://files.pythonhosted.org/packages/44/5d/e7e9044032a716cdfaa3fba27a8e874bf1c5f1912a1ddd4ed071bf8a14a6/numpy-2.4.4-cp314-cp314-manylinux_2_27_aarch64.manylinux_2_28_aarch64.whl", hash = "sha256:989824e9faf85f96ec9c7761cd8d29c531ad857bfa1daa930cba85baaecf1a9a", size = 15684591, upload-time = "2026-03-29T13:20:42.146Z" },
    { url = "https://files.pythonhosted.org/packages/98/7c/21252050676612625449b4807d6b695b9ce8a7c9e1c197ee6216c8a65c7c/numpy-2.4.4-cp314-cp314-manylinux_2_27_x86_64.manylinux_2_28_x86_64.whl", hash = "sha256:27a8d92cd10f1382a67d7cf4db7ce18341b66438bdd9f691d7b0e48d104c2a9d", size = 16637700, upload-time = "2026-03-29T13:20:46.204Z" },
    { url = "https://files.pythonhosted.org/packages/b1/29/56d2bbef9465db24ef25393383d761a1af4f446a1df9b8cded4fe3a5a5d7/numpy-2.4.4-cp314-cp314-musllinux_1_2_aarch64.whl", hash = "sha256:e44319a2953c738205bf3354537979eaa3998ed673395b964c1176083dd46252", size = 17035781, upload-time = "2026-03-29T13:20:50.242Z" },
    { url = "https://files.pythonhosted.org/packages/e3/2b/a35a6d7589d21f44cea7d0a98de5ddcbb3d421b2622a5c96b1edf18707c3/numpy-2.4.4-cp314-cp314-musllinux_1_2_x86_64.whl", hash = "sha256:e892aff75639bbef0d2a2cfd55535510df26ff92f63c92cd84ef8d4ba5a5557f", size = 18362959, upload-time = "2026-03-29T13:20:54.019Z" },
    { url = "https://files.pythonhosted.org/packages/64/c9/d52ec581f2390e0f5f85cbfd80fb83d965fc15e9f0e1aec2195faa142cde/numpy-2.4.4-cp314-cp314-win32.whl", hash = "sha256:1378871da56ca8943c2ba674530924bb8ca40cd228358a3b5f302ad60cf875fc", size = 6008768, upload-time = "2026-03-29T13:20:56.912Z" },
    { url = "https://files.pythonhosted.org/packages/fa/22/4cc31a62a6c7b74a8730e31a4274c5dc80e005751e277a2ce38e675e4923/numpy-2.4.4-cp314-cp314-win_amd64.whl", hash = "sha256:715d1c092715954784bc79e1174fc2a90093dc4dc84ea15eb14dad8abdcdeb74", size = 12449181, upload-time = "2026-03-29T13:20:59.548Z" },
    { url = "https://files.pythonhosted.org/packages/70/2e/14cda6f4d8e396c612d1bf97f22958e92148801d7e4f110cabebdc0eef4b/numpy-2.4.4-cp314-cp314-win_arm64.whl", hash = "sha256:2c194dd721e54ecad9ad387c1d35e63dce5c4450c6dc7dd5611283dda239aabb", size = 10496035, upload-time = "2026-03-29T13:21:02.524Z" },
    { url = "https://files.pythonhosted.org/packages/b1/e8/8fed8c8d848d7ecea092dc3469643f9d10bc3a134a815a3b033da1d2039b/numpy-2.4.4-cp314-cp314t-macosx_11_0_arm64.whl", hash = "sha256:2aa0613a5177c264ff5921051a5719d20095ea586ca88cc802c5c218d1c67d3e", size = 14824958, upload-time = "2026-03-29T13:21:05.671Z" },
    { url = "https://files.pythonhosted.org/packages/05/1a/d8007a5138c179c2bf33ef44503e83d70434d2642877ee8fbb230e7c0548/numpy-2.4.4-cp314-cp314t-macosx_14_0_arm64.whl", hash = "sha256:42c16925aa5a02362f986765f9ebabf20de75cdefdca827d14315c568dcab113", size = 5330020, upload-time = "2026-03-29T13:21:08.635Z" },
    { url = "https://files.pythonhosted.org/packages/99/64/ffb99ac6ae93faf117bcbd5c7ba48a7f45364a33e8e458545d3633615dda/numpy-2.4.4-cp314-cp314t-macosx_14_0_x86_64.whl", hash = "sha256:874f200b2a981c647340f841730fc3a2b54c9d940566a3c4149099591e2c4c3d", size = 6650758, upload-time = "2026-03-29T13:21:10.949Z" },
    { url = "https://files.pythonhosted.org/packages/6e/6e/795cc078b78a384052e73b2f6281ff7a700e9bf53bcce2ee579d4f6dd879/numpy-2.4.4-cp314-cp314t-manylinux_2_27_aarch64.manylinux_2_28_aarch64.whl", hash = "sha256:c9b39d38a9bd2ae1becd7eac1303d031c5c110ad31f2b319c6e7d98b135c934d", size = 15729948, upload-time = "2026-03-29T13:21:14.047Z" },
    { url = "https://files.pythonhosted.org/packages/5f/86/2acbda8cc2af5f3d7bfc791192863b9e3e19674da7b5e533fded124d1299/numpy-2.4.4-cp314-cp314t-manylinux_2_27_x86_64.manylinux_2_28_x86_64.whl", hash = "sha256:b268594bccac7d7cf5844c7732e3f20c50921d94e36d7ec9b79e9857694b1b2f", size = 16679325, upload-time = "2026-03-29T13:21:17.561Z" },
    { url = "https://files.pythonhosted.org/packages/bc/59/cafd83018f4aa55e0ac6fa92aa066c0a1877b77a615ceff1711c260ffae8/numpy-2.4.4-cp314-cp314t-musllinux_1_2_aarch64.whl", hash = "sha256:ac6b31e35612a26483e20750126d30d0941f949426974cace8e6b5c58a3657b0", size = 17084883, upload-time = "2026-03-29T13:21:21.106Z" },
    { url = "https://files.pythonhosted.org/packages/f0/85/a42548db84e65ece46ab2caea3d3f78b416a47af387fcbb47ec28e660dc2/numpy-2.4.4-cp314-cp314t-musllinux_1_2_x86_64.whl", hash = "sha256:8e3ed142f2728df44263aaf5fb1f5b0b99f4070c553a0d7f033be65338329150", size = 18403474, upload-time = "2026-03-29T13:21:24.828Z" },
    { url = "https://files.pythonhosted.org/packages/ed/ad/483d9e262f4b831000062e5d8a45e342166ec8aaa1195264982bca267e62/numpy-2.4.4-cp314-cp314t-win32.whl", hash = "sha256:dddbbd259598d7240b18c9d87c56a9d2fb3b02fe266f49a7c101532e78c1d871", size = 6155500, upload-time = "2026-03-29T13:21:28.205Z" },
    { url = "https://files.pythonhosted.org/packages/c7/03/2fc4e14c7bd4ff2964b74ba90ecb8552540b6315f201df70f137faa5c589/numpy-2.4.4-cp314-cp314t-win_amd64.whl", hash = "sha256:a7164afb23be6e37ad90b2f10426149fd75aee07ca55653d2aa41e66c4ef697e", size = 12637755, upload-time = "2026-03-29T13:21:31.107Z" },
    { url = "https://files.pythonhosted.org/packages/58/78/548fb8e07b1a341746bfbecb32f2c268470f45fa028aacdbd10d9bc73aab/numpy-2.4.4-cp314-cp314t-win_arm64.whl", hash = "sha256:ba203255017337d39f89bdd58417f03c4426f12beed0440cfd933cb15f8669c7", size = 10566643, upload-time = "2026-03-29T13:21:34.339Z" },
]

[[package]]
name = "pyside6"
version = "6.11.0"
source = { registry = "https://pypi.org/simple" }
dependencies = [
    { name = "pyside6-addons" },
    { name = "pyside6-essentials" },
    { name = "shiboken6" },
]
wheels = [
    { url = "https://files.pythonhosted.org/packages/f4/95/f3f5a2799163b6658126d78a85bc1dec9eda88c75c26780556b26071a1d8/pyside6-6.11.0-cp310-abi3-macosx_13_0_universal2.whl", hash = "sha256:1f2735dc4f2bd4ec452ae50502c8a22128bba0aced35358a2bbc58384b820c6f", size = 571544, upload-time = "2026-03-23T12:47:20.263Z" },
    { url = "https://files.pythonhosted.org/packages/da/89/9a1f521051714e6694ebbe2b979ded279845ec8e25cb309ca3960158d74f/pyside6-6.11.0-cp310-abi3-manylinux_2_34_x86_64.whl", hash = "sha256:c642e2d25704ca746fd37f56feacf25c5aecc4cd40bef23d18eec81f87d9dc00", size = 571725, upload-time = "2026-03-23T12:47:21.727Z" },
    { url = "https://files.pythonhosted.org/packages/c2/3d/f779d8bba00fcde31a7d7fb6b59347a70773c9cc8135592dea9972579877/pyside6-6.11.0-cp310-abi3-manylinux_2_39_aarch64.whl", hash = "sha256:267b344c73580ac938ca63c611881fb42a3922ebfe043e271005f4f06c372c4e", size = 571722, upload-time = "2026-03-23T12:47:22.761Z" },
    { url = "https://files.pythonhosted.org/packages/ac/98/150e01a026df3e9697310236821fa825319bb4b9d6137539cb25a3032968/pyside6-6.11.0-cp310-abi3-win_amd64.whl", hash = "sha256:9092cb002ca43c64006afb2e0d0f6f51aef17aa737c33a45e502326a081ddcbc", size = 577988, upload-time = "2026-03-23T12:47:23.795Z" },
    { url = "https://files.pythonhosted.org/packages/50/e7/55960f7c6b41d058e95cb4af02652c46c48702c506c8bbf12e99550e1fb3/pyside6-6.11.0-cp310-abi3-win_arm64.whl", hash = "sha256:b15f39acc2b8f46251a630acad0d97f9a0a0461f2baffcd66d7adfada8eb641e", size = 561372, upload-time = "2026-03-23T12:47:25.073Z" },
]

[[package]]
name = "pyside6-addons"
version = "6.11.0"
source = { registry = "https://pypi.org/simple" }
dependencies = [
    { name = "pyside6-essentials" },
    { name = "shiboken6" },
]
wheels = [
    { url = "https://files.pythonhosted.org/packages/c0/df/241f311c61a46b7b1195927da77b2537692ee3442aa9ccd87981164ff78d/pyside6_addons-6.11.0-cp310-abi3-macosx_13_0_universal2.whl", hash = "sha256:d5eaa4643302e3a0fa94c5766234bee4073d7d5ab9c2b7fd222692a176faf182", size = 331554157, upload-time = "2026-03-23T12:40:40.497Z" },
    { url = "https://files.pythonhosted.org/packages/31/b9/e81172835ccc9d8b9792cc6bf7524a252a0db9a76ddd693de230402697f9/pyside6_addons-6.11.0-cp310-abi3-manylinux_2_34_x86_64.whl", hash = "sha256:ac6fe3d4ef4497dde3efc5e896b0acd53ff6c93be4bf485f045690f919419f35", size = 174948482, upload-time = "2026-03-23T12:41:05.379Z" },
    { url = "https://files.pythonhosted.org/packages/a8/a4/426d9333782bf65ab2a20257d6b4b3af9b8d5d7a710da719865fab49d492/pyside6_addons-6.11.0-cp310-abi3-manylinux_2_39_aarch64.whl", hash = "sha256:8ffb40222456078930816ebcac2f2511716d2acbc11716dd5acc5c365179a753", size = 170430798, upload-time = "2026-03-23T12:41:38.134Z" },
    { url = "https://files.pythonhosted.org/packages/35/9a/46d271fedfabad8c6dce2ebb69bb593745487ed33753a56a47c3ba4fdb1c/pyside6_addons-6.11.0-cp310-abi3-win_amd64.whl", hash = "sha256:413e6121c24f5ffdce376298059eddecff74aa6d638e94e0f6015b33d29b889e", size = 168723088, upload-time = "2026-03-23T12:42:00.668Z" },
    { url = "https://files.pythonhosted.org/packages/16/cd/1b28264f7dc9a642da2e4e7c02f67418d0949eb7ce329ae20869703c2630/pyside6_addons-6.11.0-cp310-abi3-win_arm64.whl", hash = "sha256:aaaee83385977a0fe134b2f4fbfb92b45a880d5b656e4d90a708eef10b1b6de8", size = 35698324, upload-time = "2026-03-23T12:42:13.748Z" },
]

[[package]]
name = "pyside6-essentials"
version = "6.11.0"
source = { registry = "https://pypi.org/simple" }
dependencies = [
    { name = "shiboken6" },
]
wheels = [
    { url = "https://files.pythonhosted.org/packages/d2/00/8a8583d3429c737cc20e61a43eba8ab1ec13ddb101e99802c2ffeedf3b41/pyside6_essentials-6.11.0-cp310-abi3-macosx_13_0_universal2.whl", hash = "sha256:85d6ca87ef35fa6565d385ede72ae48420dd3f63113929d10fc800f6b0360e01", size = 108085251, upload-time = "2026-03-23T12:42:52.872Z" },
    { url = "https://files.pythonhosted.org/packages/f3/a9/07c9e5c014b871c1b19caf8f994bcd50b345559b81f81671217b49559b67/pyside6_essentials-6.11.0-cp310-abi3-manylinux_2_34_x86_64.whl", hash = "sha256:dc20e7afd5fc6fe51297db91cef997ce60844be578f7a49fc61b7ab9657a8849", size = 78316055, upload-time = "2026-03-23T12:43:04.19Z" },
    { url = "https://files.pythonhosted.org/packages/7c/35/f06b1b641d7600ec46374c16cd37c66fa4a22870326b4eb073a95471035f/pyside6_essentials-6.11.0-cp310-abi3-manylinux_2_39_aarch64.whl", hash = "sha256:4854cb0a1b061e7a576d8fb7bb7cf9f49540d558b1acb7df0742a7afefe61e4e", size = 77380821, upload-time = "2026-03-23T12:43:24.649Z" },
    { url = "https://files.pythonhosted.org/packages/ff/37/ba95c6262836d2b286b4e05a9d16a5e870995d5d2503ac6adc6312208049/pyside6_essentials-6.11.0-cp310-abi3-win_amd64.whl", hash = "sha256:3b3362882ad9389357a80504e600180006a957731fec05786fced7b038461fdf", size = 75793322, upload-time = "2026-03-23T12:43:35.575Z" },
    { url = "https://files.pythonhosted.org/packages/53/27/d17f25e45820e633a70e6109b35991eda09a5e8000c2a306f0ab7538d48c/pyside6_essentials-6.11.0-cp310-abi3-win_arm64.whl", hash = "sha256:81ca603dbf21bc39f89bb42db215c25ebe0c879a1a4c387625c321d2730ec187", size = 56337457, upload-time = "2026-03-23T12:43:43.573Z" },
]

[[package]]
name = "shiboken6"
version = "6.11.0"
source = { registry = "https://pypi.org/simple" }
wheels = [
    { url = "https://files.pythonhosted.org/packages/82/1d/b56b7b694fbc871496435488d1f41c5068de546334850d722756511cef65/shiboken6-6.11.0-cp310-abi3-macosx_13_0_universal2.whl", hash = "sha256:d88e8a1eb705f2b9ad21db08a61ae1dc0c773e5cd86a069de0754c4cf1f9b43b", size = 476085, upload-time = "2026-03-23T12:47:05.724Z" },
    { url = "https://files.pythonhosted.org/packages/65/cb/4bb0c76011166230daa7c0074aeb3fdb3935c83ac1fef3789b85fcd1a8fc/shiboken6-6.11.0-cp310-abi3-manylinux_2_34_x86_64.whl", hash = "sha256:ad54e64f8192ddbdff0c54ac82b89edcd62ed623f502ea21c960541d19514053", size = 271055, upload-time = "2026-03-23T12:47:07.349Z" },
    { url = "https://files.pythonhosted.org/packages/f5/96/771a6e2b530f725303d16d78a321fa4876b98b4f3615c9851880df8c1a43/shiboken6-6.11.0-cp310-abi3-manylinux_2_39_aarch64.whl", hash = "sha256:a10dc7718104ea2dc15d5b0b96909b77162ce1c76fcc6968e6df692b947a00e9", size = 267456, upload-time = "2026-03-23T12:47:08.689Z" },
    { url = "https://files.pythonhosted.org/packages/72/f7/44c0c42c3f5f29dec457fd46ea0552174bcb8aa75becf03bbd90308ba07b/shiboken6-6.11.0-cp310-abi3-win_amd64.whl", hash = "sha256:483ff78a73c7b3189ca924abc694318084f078bcfeaffa68e32024ff2d025ee1", size = 1222132, upload-time = "2026-03-23T12:47:10.143Z" },
    { url = "https://files.pythonhosted.org/packages/fb/99/6e5ee21db2d6af84bbbd7d871d441dafeb069c6de5667b1aa49891a77c66/shiboken6-6.11.0-cp310-abi3-win_arm64.whl", hash = "sha256:3bd76cf56105ab2d62ecaff630366f11264f69b88d488f10f048da9a065781f4", size = 1783186, upload-time = "2026-03-23T12:47:11.832Z" },
]
